// !$*UTF8*$!
{
	archiveVersion = 1;
	classes = {
	};
	objectVersion = 56;
	objects = {

/* Begin PBXBuildFile section */
		1EA1744A2B86003700129995 /* SpatialVideoConverterApp.swift in Sources */ = {isa = PBXBuildFile; fileRef = 1EA174492B86003700129995 /* SpatialVideoConverterApp.swift */; };
		1EA1744E2B86003700129995 /* ContentView.swift in Sources */ = {isa = PBXBuildFile; fileRef = 1EA1744D2B86003700129995 /* ContentView.swift */; };
		1EA174502B86003800129995 /* Assets.xcassets in Resources */ = {isa = PBXBuildFile; fileRef = 1EA1744F2B86003800129995 /* Assets.xcassets */; };
		1EA174532B86003800129995 /* Preview Assets.xcassets in Resources */ = {isa = PBXBuildFile; fileRef = 1EA174522B86003800129995 /* Preview Assets.xcassets */; };
		1EA1745F2B86003800129995 /* SpatialVideoConverterTests.swift in Sources */ = {isa = PBXBuildFile; fileRef = 1EA1745E2B86003800129995 /* SpatialVideoConverterTests.swift */; };
		1EA174692B86003800129995 /* SpatialVideoConverterUITests.swift in Sources */ = {isa = PBXBuildFile; fileRef = 1EA174682B86003800129995 /* SpatialVideoConverterUITests.swift */; };
		1EA1746B2B86003800129995 /* SpatialVideoConverterUITestsLaunchTests.swift in Sources */ = {isa = PBXBuildFile; fileRef = 1EA1746A2B86003800129995 /* SpatialVideoConverterUITestsLaunchTests.swift */; };
		1EA174792B860B6600129995 /* VideoConverter.swift in Sources */ = {isa = PBXBuildFile; fileRef = 1EA174782B860B6600129995 /* VideoConverter.swift */; };
/* End PBXBuildFile section */

/* Begin PBXContainerItemProxy section */
		1EA1745B2B86003800129995 /* PBXContainerItemProxy */ = {
			isa = PBXContainerItemProxy;
			containerPortal = 1EA1743E2B86003700129995 /* Project object */;
			proxyType = 1;
			remoteGlobalIDString = 1EA174452B86003700129995;
			remoteInfo = SpatialVideoConverter;
		};
		1EA174652B86003800129995 /* PBXContainerItemProxy */ = {
			isa = PBXContainerItemProxy;
			containerPortal = 1EA1743E2B86003700129995 /* Project object */;
			proxyType = 1;
			remoteGlobalIDString = 1EA174452B86003700129995;
			remoteInfo = SpatialVideoConverter;
		};
/* End PBXContainerItemProxy section */

/* Begin PBXFileReference section */
		1EA174462B86003700129995 /* SpatialVideoConverter.app */ = {isa = PBXFileReference; explicitFileType = wrapper.application; includeInIndex = 0; path = SpatialVideoConverter.app; sourceTree = BUILT_PRODUCTS_DIR; };
		1EA174492B86003700129995 /* SpatialVideoConverterApp.swift */ = {isa = PBXFileReference; lastKnownFileType = sourcecode.swift; path = SpatialVideoConverterApp.swift; sourceTree = "<group>"; };
		1EA1744D2B86003700129995 /* ContentView.swift */ = {isa = PBXFileReference; lastKnownFileType = sourcecode.swift; path = ContentView.swift; sourceTree = "<group>"; };
		1EA1744F2B86003800129995 /* Assets.xcassets */ = {isa = PBXFileReference; lastKnownFileType = folder.assetcatalog; path = Assets.xcassets; sourceTree = "<group>"; };
		1EA174522B86003800129995 /* Preview Assets.xcassets */ = {isa = PBXFileReference; lastKnownFileType = folder.assetcatalog; path = "Preview Assets.xcassets"; sourceTree = "<group>"; };
		1EA174542B86003800129995 /* Info.plist */ = {isa = PBXFileReference; lastKnownFileType = text.plist.xml; path = Info.plist; sourceTree = "<group>"; };
		1EA174552B86003800129995 /* SpatialVideoConverter.entitlements */ = {isa = PBXFileReference; lastKnownFileType = text.plist.entitlements; path = SpatialVideoConverter.entitlements; sourceTree = "<group>"; };
		1EA1745A2B86003800129995 /* SpatialVideoConverterTests.xctest */ = {isa = PBXFileReference; explicitFileType = wrapper.cfbundle; includeInIndex = 0; path = SpatialVideoConverterTests.xctest; sourceTree = BUILT_PRODUCTS_DIR; };
		1EA1745E2B86003800129995 /* SpatialVideoConverterTests.swift */ = {isa = PBXFileReference; lastKnownFileType = sourcecode.swift; path = SpatialVideoConverterTests.swift; sourceTree = "<group>"; };
		1EA174642B86003800129995 /* SpatialVideoConverterUITests.xctest */ = {isa = PBXFileReference; explicitFileType = wrapper.cfbundle; includeInIndex = 0; path = SpatialVideoConverterUITests.xctest; sourceTree = BUILT_PRODUCTS_DIR; };
		1EA174682B86003800129995 /* SpatialVideoConverterUITests.swift */ = {isa = PBXFileReference; lastKnownFileType = sourcecode.swift; path = SpatialVideoConverterUITests.swift; sourceTree = "<group>"; };
		1EA1746A2B86003800129995 /* SpatialVideoConverterUITestsLaunchTests.swift */ = {isa = PBXFileReference; lastKnownFileType = sourcecode.swift; path = SpatialVideoConverterUITestsLaunchTests.swift; sourceTree = "<group>"; };
		1EA174782B860B6600129995 /* VideoConverter.swift */ = {isa = PBXFileReference; lastKnownFileType = sourcecode.swift; path = VideoConverter.swift; sourceTree = "<group>"; };
/* End PBXFileReference section */

/* Begin PBXFrameworksBuildPhase section */
		1EA174432B86003700129995 /* Frameworks */ = {
			isa = PBXFrameworksBuildPhase;
			buildActionMask = 2147483647;
			files = (
			);
			runOnlyForDeploymentPostprocessing = 0;
		};
		1EA174572B86003800129995 /* Frameworks */ = {
			isa = PBXFrameworksBuildPhase;
			buildActionMask = 2147483647;
			files = (
			);
			runOnlyForDeploymentPostprocessing = 0;
		};
		1EA174612B86003800129995 /* Frameworks */ = {
			isa = PBXFrameworksBuildPhase;
			buildActionMask = 2147483647;
			files = (
			);
			runOnlyForDeploymentPostprocessing = 0;
		};
/* End PBXFrameworksBuildPhase section */

/* Begin PBXGroup section */
		1EA1743D2B86003700129995 = {
			isa = PBXGroup;
			children = (
				1EA174482B86003700129995 /* SpatialVideoConverter */,
				1EA1745D2B86003800129995 /* SpatialVideoConverterTests */,
				1EA174672B86003800129995 /* SpatialVideoConverterUITests */,
				1EA174472B86003700129995 /* Products */,
			);
			sourceTree = "<group>";
		};
		1EA174472B86003700129995 /* Products */ = {
			isa = PBXGroup;
			children = (
				1EA174462B86003700129995 /* SpatialVideoConverter.app */,
				1EA1745A2B86003800129995 /* SpatialVideoConverterTests.xctest */,
				1EA174642B86003800129995 /* SpatialVideoConverterUITests.xctest */,
			);
			name = Products;
			sourceTree = "<group>";
		};
		1EA174482B86003700129995 /* SpatialVideoConverter */ = {
			isa = PBXGroup;
			children = (
				1EA174772B860B5000129995 /* Model */,
				1EA174492B86003700129995 /* SpatialVideoConverterApp.swift */,
				1EA1744D2B86003700129995 /* ContentView.swift */,
				1EA1744F2B86003800129995 /* Assets.xcassets */,
				1EA174542B86003800129995 /* Info.plist */,
				1EA174552B86003800129995 /* SpatialVideoConverter.entitlements */,
				1EA174512B86003800129995 /* Preview Content */,
			);
			path = SpatialVideoConverter;
			sourceTree = "<group>";
		};
		1EA174512B86003800129995 /* Preview Content */ = {
			isa = PBXGroup;
			children = (
				1EA174522B86003800129995 /* Preview Assets.xcassets */,
			);
			path = "Preview Content";
			sourceTree = "<group>";
		};
		1EA1745D2B86003800129995 /* SpatialVideoConverterTests */ = {
			isa = PBXGroup;
			children = (
				1EA1745E2B86003800129995 /* SpatialVideoConverterTests.swift */,
			);
			path = SpatialVideoConverterTests;
			sourceTree = "<group>";
		};
		1EA174672B86003800129995 /* SpatialVideoConverterUITests */ = {
			isa = PBXGroup;
			children = (
				1EA174682B86003800129995 /* SpatialVideoConverterUITests.swift */,
				1EA1746A2B86003800129995 /* SpatialVideoConverterUITestsLaunchTests.swift */,
			);
			path = SpatialVideoConverterUITests;
			sourceTree = "<group>";
		};
		1EA174772B860B5000129995 /* Model */ = {
			isa = PBXGroup;
			children = (
				1EA174782B860B6600129995 /* VideoConverter.swift */,
			);
			path = Model;
			sourceTree = "<group>";
		};
/* End PBXGroup section */

/* Begin PBXNativeTarget section */
		1EA174452B86003700129995 /* SpatialVideoConverter */ = {
			isa = PBXNativeTarget;
			buildConfigurationList = 1EA1746E2B86003800129995 /* Build configuration list for PBXNativeTarget "SpatialVideoConverter" */;
			buildPhases = (
				1EA174422B86003700129995 /* Sources */,
				1EA174432B86003700129995 /* Frameworks */,
				1EA174442B86003700129995 /* Resources */,
			);
			buildRules = (
			);
			dependencies = (
			);
			name = SpatialVideoConverter;
			productName = SpatialVideoConverter;
			productReference = 1EA174462B86003700129995 /* SpatialVideoConverter.app */;
			productType = "com.apple.product-type.application";
		};
		1EA174592B86003800129995 /* SpatialVideoConverterTests */ = {
			isa = PBXNativeTarget;
			buildConfigurationList = 1EA174712B86003800129995 /* Build configuration list for PBXNativeTarget "SpatialVideoConverterTests" */;
			buildPhases = (
				1EA174562B86003800129995 /* Sources */,
				1EA174572B86003800129995 /* Frameworks */,
				1EA174582B86003800129995 /* Resources */,
			);
			buildRules = (
			);
			dependencies = (
				1EA1745C2B86003800129995 /* PBXTargetDependency */,
			);
			name = SpatialVideoConverterTests;
			productName = SpatialVideoConverterTests;
			productReference = 1EA1745A2B86003800129995 /* SpatialVideoConverterTests.xctest */;
			productType = "com.apple.product-type.bundle.unit-test";
		};
		1EA174632B86003800129995 /* SpatialVideoConverterUITests */ = {
			isa = PBXNativeTarget;
			buildConfigurationList = 1EA174742B86003800129995 /* Build configuration list for PBXNativeTarget "SpatialVideoConverterUITests" */;
			buildPhases = (
				1EA174602B86003800129995 /* Sources */,
				1EA174612B86003800129995 /* Frameworks */,
				1EA174622B86003800129995 /* Resources */,
			);
			buildRules = (
			);
			dependencies = (
				1EA174662B86003800129995 /* PBXTargetDependency */,
			);
			name = SpatialVideoConverterUITests;
			productName = SpatialVideoConverterUITests;
			productReference = 1EA174642B86003800129995 /* SpatialVideoConverterUITests.xctest */;
			productType = "com.apple.product-type.bundle.ui-testing";
		};
/* End PBXNativeTarget section */

/* Begin PBXProject section */
		1EA1743E2B86003700129995 /* Project object */ = {
			isa = PBXProject;
			attributes = {
				BuildIndependentTargetsInParallel = 1;
				LastSwiftUpdateCheck = 1520;
				LastUpgradeCheck = 1520;
				TargetAttributes = {
					1EA174452B86003700129995 = {
						CreatedOnToolsVersion = 15.2;
					};
					1EA174592B86003800129995 = {
						CreatedOnToolsVersion = 15.2;
						TestTargetID = 1EA174452B86003700129995;
					};
					1EA174632B86003800129995 = {
						CreatedOnToolsVersion = 15.2;
						TestTargetID = 1EA174452B86003700129995;
					};
				};
			};
			buildConfigurationList = 1EA174412B86003700129995 /* Build configuration list for PBXProject "SpatialVideoConverter" */;
			compatibilityVersion = "Xcode 14.0";
			developmentRegion = en;
			hasScannedForEncodings = 0;
			knownRegions = (
				en,
				Base,
			);
			mainGroup = 1EA1743D2B86003700129995;
			productRefGroup = 1EA174472B86003700129995 /* Products */;
			projectDirPath = "";
			projectRoot = "";
			targets = (
				1EA174452B86003700129995 /* SpatialVideoConverter */,
				1EA174592B86003800129995 /* SpatialVideoConverterTests */,
				1EA174632B86003800129995 /* SpatialVideoConverterUITests */,
			);
		};
/* End PBXProject section */

/* Begin PBXResourcesBuildPhase section */
		1EA174442B86003700129995 /* Resources */ = {
			isa = PBXResourcesBuildPhase;
			buildActionMask = 2147483647;
			files = (
				1EA174532B86003800129995 /* Preview Assets.xcassets in Resources */,
				1EA174502B86003800129995 /* Assets.xcassets in Resources */,
			);
			runOnlyForDeploymentPostprocessing = 0;
		};
		1EA174582B86003800129995 /* Resources */ = {
			isa = PBXResourcesBuildPhase;
			buildActionMask = 2147483647;
			files = (
			);
			runOnlyForDeploymentPostprocessing = 0;
		};
		1EA174622B86003800129995 /* Resources */ = {
			isa = PBXResourcesBuildPhase;
			buildActionMask = 2147483647;
			files = (
			);
			runOnlyForDeploymentPostprocessing = 0;
		};
/* End PBXResourcesBuildPhase section */

/* Begin PBXSourcesBuildPhase section */
		1EA174422B86003700129995 /* Sources */ = {
			isa = PBXSourcesBuildPhase;
			buildActionMask = 2147483647;
			files = (
				1EA1744A2B86003700129995 /* SpatialVideoConverterApp.swift in Sources */,
				1EA174792B860B6600129995 /* VideoConverter.swift in Sources */,
				1EA1744E2B86003700129995 /* ContentView.swift in Sources */,
			);
			runOnlyForDeploymentPostprocessing = 0;
		};
		1EA174562B86003800129995 /* Sources */ = {
			isa = PBXSourcesBuildPhase;
			buildActionMask = 2147483647;
			files = (
				1EA1745F2B86003800129995 /* SpatialVideoConverterTests.swift in Sources */,
			);
			runOnlyForDeploymentPostprocessing = 0;
		};
		1EA174602B86003800129995 /* Sources */ = {
			isa = PBXSourcesBuildPhase;
			buildActionMask = 2147483647;
			files = (
				1EA1746B2B86003800129995 /* SpatialVideoConverterUITestsLaunchTests.swift in Sources */,
				1EA174692B86003800129995 /* SpatialVideoConverterUITests.swift in Sources */,
			);
			runOnlyForDeploymentPostprocessing = 0;
		};
/* End PBXSourcesBuildPhase section */

/* Begin PBXTargetDependency section */
		1EA1745C2B86003800129995 /* PBXTargetDependency */ = {
			isa = PBXTargetDependency;
			target = 1EA174452B86003700129995 /* SpatialVideoConverter */;
			targetProxy = 1EA1745B2B86003800129995 /* PBXContainerItemProxy */;
		};
		1EA174662B86003800129995 /* PBXTargetDependency */ = {
			isa = PBXTargetDependency;
			target = 1EA174452B86003700129995 /* SpatialVideoConverter */;
			targetProxy = 1EA174652B86003800129995 /* PBXContainerItemProxy */;
		};
/* End PBXTargetDependency section */

/* Begin XCBuildConfiguration section */
		1EA1746C2B86003800129995 /* Debug */ = {
			isa = XCBuildConfiguration;
			buildSettings = {
				ALWAYS_SEARCH_USER_PATHS = NO;
				ASSETCATALOG_COMPILER_GENERATE_SWIFT_ASSET_SYMBOL_EXTENSIONS = YES;
				CLANG_ANALYZER_NONNULL = YES;
				CLANG_ANALYZER_NUMBER_OBJECT_CONVERSION = YES_AGGRESSIVE;
				CLANG_CXX_LANGUAGE_STANDARD = "gnu++20";
				CLANG_ENABLE_MODULES = YES;
				CLANG_ENABLE_OBJC_ARC = YES;
				CLANG_ENABLE_OBJC_WEAK = YES;
				CLANG_WARN_BLOCK_CAPTURE_AUTORELEASING = YES;
				CLANG_WARN_BOOL_CONVERSION = YES;
				CLANG_WARN_COMMA = YES;
				CLANG_WARN_CONSTANT_CONVERSION = YES;
				CLANG_WARN_DEPRECATED_OBJC_IMPLEMENTATIONS = YES;
				CLANG_WARN_DIRECT_OBJC_ISA_USAGE = YES_ERROR;
				CLANG_WARN_DOCUMENTATION_COMMENTS = YES;
				CLANG_WARN_EMPTY_BODY = YES;
				CLANG_WARN_ENUM_CONVERSION = YES;
				CLANG_WARN_INFINITE_RECURSION = YES;
				CLANG_WARN_INT_CONVERSION = YES;
				CLANG_WARN_NON_LITERAL_NULL_CONVERSION = YES;
				CLANG_WARN_OBJC_IMPLICIT_RETAIN_SELF = YES;
				CLANG_WARN_OBJC_LITERAL_CONVERSION = YES;
				CLANG_WARN_OBJC_ROOT_CLASS = YES_ERROR;
				CLANG_WARN_QUOTED_INCLUDE_IN_FRAMEWORK_HEADER = YES;
				CLANG_WARN_RANGE_LOOP_ANALYSIS = YES;
				CLANG_WARN_STRICT_PROTOTYPES = YES;
				CLANG_WARN_SUSPICIOUS_MOVE = YES;
				CLANG_WARN_UNGUARDED_AVAILABILITY = YES_AGGRESSIVE;
				CLANG_WARN_UNREACHABLE_CODE = YES;
				CLANG_WARN__DUPLICATE_METHOD_MATCH = YES;
				COPY_PHASE_STRIP = NO;
				DEBUG_INFORMATION_FORMAT = dwarf;
				ENABLE_STRICT_OBJC_MSGSEND = YES;
				ENABLE_TESTABILITY = YES;
				ENABLE_USER_SCRIPT_SANDBOXING = YES;
				GCC_C_LANGUAGE_STANDARD = gnu17;
				GCC_DYNAMIC_NO_PIC = NO;
				GCC_NO_COMMON_BLOCKS = YES;
				GCC_OPTIMIZATION_LEVEL = 0;
				GCC_PREPROCESSOR_DEFINITIONS = (
					"DEBUG=1",
					"$(inherited)",
				);
				GCC_WARN_64_TO_32_BIT_CONVERSION = YES;
				GCC_WARN_ABOUT_RETURN_TYPE = YES_ERROR;
				GCC_WARN_UNDECLARED_SELECTOR = YES;
				GCC_WARN_UNINITIALIZED_AUTOS = YES_AGGRESSIVE;
				GCC_WARN_UNUSED_FUNCTION = YES;
				GCC_WARN_UNUSED_VARIABLE = YES;
				LOCALIZATION_PREFERS_STRING_CATALOGS = YES;
				MACOSX_DEPLOYMENT_TARGET = 14.2;
				MTL_ENABLE_DEBUG_INFO = INCLUDE_SOURCE;
				MTL_FAST_MATH = YES;
				ONLY_ACTIVE_ARCH = YES;
				SDKROOT = macosx;
				SWIFT_ACTIVE_COMPILATION_CONDITIONS = "DEBUG $(inherited)";
				SWIFT_OPTIMIZATION_LEVEL = "-Onone";
			};
			name = Debug;
		};
		1EA1746D2B86003800129995 /* Release */ = {
			isa = XCBuildConfiguration;
			buildSettings = {
				ALWAYS_SEARCH_USER_PATHS = NO;
				ASSETCATALOG_COMPILER_GENERATE_SWIFT_ASSET_SYMBOL_EXTENSIONS = YES;
				CLANG_ANALYZER_NONNULL = YES;
				CLANG_ANALYZER_NUMBER_OBJECT_CONVERSION = YES_AGGRESSIVE;
				CLANG_CXX_LANGUAGE_STANDARD = "gnu++20";
				CLANG_ENABLE_MODULES = YES;
				CLANG_ENABLE_OBJC_ARC = YES;
				CLANG_ENABLE_OBJC_WEAK = YES;
				CLANG_WARN_BLOCK_CAPTURE_AUTORELEASING = YES;
				CLANG_WARN_BOOL_CONVERSION = YES;
				CLANG_WARN_COMMA = YES;
				CLANG_WARN_CONSTANT_CONVERSION = YES;
				CLANG_WARN_DEPRECATED_OBJC_IMPLEMENTATIONS = YES;
				CLANG_WARN_DIRECT_OBJC_ISA_USAGE = YES_ERROR;
				CLANG_WARN_DOCUMENTATION_COMMENTS = YES;
				CLANG_WARN_EMPTY_BODY = YES;
				CLANG_WARN_ENUM_CONVERSION = YES;
				CLANG_WARN_INFINITE_RECURSION = YES;
				CLANG_WARN_INT_CONVERSION = YES;
				CLANG_WARN_NON_LITERAL_NULL_CONVERSION = YES;
				CLANG_WARN_OBJC_IMPLICIT_RETAIN_SELF = YES;
				CLANG_WARN_OBJC_LITERAL_CONVERSION = YES;
				CLANG_WARN_OBJC_ROOT_CLASS = YES_ERROR;
				CLANG_WARN_QUOTED_INCLUDE_IN_FRAMEWORK_HEADER = YES;
				CLANG_WARN_RANGE_LOOP_ANALYSIS = YES;
				CLANG_WARN_STRICT_PROTOTYPES = YES;
				CLANG_WARN_SUSPICIOUS_MOVE = YES;
				CLANG_WARN_UNGUARDED_AVAILABILITY = YES_AGGRESSIVE;
				CLANG_WARN_UNREACHABLE_CODE = YES;
				CLANG_WARN__DUPLICATE_METHOD_MATCH = YES;
				COPY_PHASE_STRIP = NO;
				DEBUG_INFORMATION_FORMAT = "dwarf-with-dsym";
				ENABLE_NS_ASSERTIONS = NO;
				ENABLE_STRICT_OBJC_MSGSEND = YES;
				ENABLE_USER_SCRIPT_SANDBOXING = YES;
				GCC_C_LANGUAGE_STANDARD = gnu17;
				GCC_NO_COMMON_BLOCKS = YES;
				GCC_WARN_64_TO_32_BIT_CONVERSION = YES;
				GCC_WARN_ABOUT_RETURN_TYPE = YES_ERROR;
				GCC_WARN_UNDECLARED_SELECTOR = YES;
				GCC_WARN_UNINITIALIZED_AUTOS = YES_AGGRESSIVE;
				GCC_WARN_UNUSED_FUNCTION = YES;
				GCC_WARN_UNUSED_VARIABLE = YES;
				LOCALIZATION_PREFERS_STRING_CATALOGS = YES;
				MACOSX_DEPLOYMENT_TARGET = 14.2;
				MTL_ENABLE_DEBUG_INFO = NO;
				MTL_FAST_MATH = YES;
				SDKROOT = macosx;
				SWIFT_COMPILATION_MODE = wholemodule;
			};
			name = Release;
		};
		1EA1746F2B86003800129995 /* Debug */ = {
			isa = XCBuildConfiguration;
			buildSettings = {
				ASSETCATALOG_COMPILER_APPICON_NAME = AppIcon;
				ASSETCATALOG_COMPILER_GLOBAL_ACCENT_COLOR_NAME = AccentColor;
				CODE_SIGN_ENTITLEMENTS = SpatialVideoConverter/SpatialVideoConverter.entitlements;
				CODE_SIGN_STYLE = Automatic;
				COMBINE_HIDPI_IMAGES = YES;
				CURRENT_PROJECT_VERSION = 1;
				DEVELOPMENT_ASSET_PATHS = "\"SpatialVideoConverter/Preview Content\"";
				DEVELOPMENT_TEAM = FTMC23LTVL;
				ENABLE_HARDENED_RUNTIME = YES;
				ENABLE_PREVIEWS = YES;
				GENERATE_INFOPLIST_FILE = YES;
				INFOPLIST_FILE = SpatialVideoConverter/Info.plist;
				INFOPLIST_KEY_NSHumanReadableCopyright = "";
				LD_RUNPATH_SEARCH_PATHS = (
					"$(inherited)",
					"@executable_path/../Frameworks",
				);
				MARKETING_VERSION = 1.0;
				PRODUCT_BUNDLE_IDENTIFIER = com.noisederived.SpatialVideoConverter;
				PRODUCT_NAME = "$(TARGET_NAME)";
				SWIFT_EMIT_LOC_STRINGS = YES;
				SWIFT_VERSION = 5.0;
			};
			name = Debug;
		};
		1EA174702B86003800129995 /* Release */ = {
			isa = XCBuildConfiguration;
			buildSettings = {
				ASSETCATALOG_COMPILER_APPICON_NAME = AppIcon;
				ASSETCATALOG_COMPILER_GLOBAL_ACCENT_COLOR_NAME = AccentColor;
				CODE_SIGN_ENTITLEMENTS = SpatialVideoConverter/SpatialVideoConverter.entitlements;
				CODE_SIGN_STYLE = Automatic;
				COMBINE_HIDPI_IMAGES = YES;
				CURRENT_PROJECT_VERSION = 1;
				DEVELOPMENT_ASSET_PATHS = "\"SpatialVideoConverter/Preview Content\"";
				DEVELOPMENT_TEAM = FTMC23LTVL;
				ENABLE_HARDENED_RUNTIME = YES;
				ENABLE_PREVIEWS = YES;
				GENERATE_INFOPLIST_FILE = YES;
				INFOPLIST_FILE = SpatialVideoConverter/Info.plist;
				INFOPLIST_KEY_NSHumanReadableCopyright = "";
				LD_RUNPATH_SEARCH_PATHS = (
					"$(inherited)",
					"@executable_path/../Frameworks",
				);
				MARKETING_VERSION = 1.0;
				PRODUCT_BUNDLE_IDENTIFIER = com.noisederived.SpatialVideoConverter;
				PRODUCT_NAME = "$(TARGET_NAME)";
				SWIFT_EMIT_LOC_STRINGS = YES;
				SWIFT_VERSION = 5.0;
			};
			name = Release;
		};
		1EA174722B86003800129995 /* Debug */ = {
			isa = XCBuildConfiguration;
			buildSettings = {
				ALWAYS_EMBED_SWIFT_STANDARD_LIBRARIES = YES;
				BUNDLE_LOADER = "$(TEST_HOST)";
				CODE_SIGN_STYLE = Automatic;
				CURRENT_PROJECT_VERSION = 1;
				DEVELOPMENT_TEAM = FTMC23LTVL;
				GENERATE_INFOPLIST_FILE = YES;
				MACOSX_DEPLOYMENT_TARGET = 14.2;
				MARKETING_VERSION = 1.0;
				PRODUCT_BUNDLE_IDENTIFIER = com.noisederived.SpatialVideoConverterTests;
				PRODUCT_NAME = "$(TARGET_NAME)";
				SWIFT_EMIT_LOC_STRINGS = NO;
				SWIFT_VERSION = 5.0;
				TEST_HOST = "$(BUILT_PRODUCTS_DIR)/SpatialVideoConverter.app/$(BUNDLE_EXECUTABLE_FOLDER_PATH)/SpatialVideoConverter";
			};
			name = Debug;
		};
		1EA174732B86003800129995 /* Release */ = {
			isa = XCBuildConfiguration;
			buildSettings = {
				ALWAYS_EMBED_SWIFT_STANDARD_LIBRARIES = YES;
				BUNDLE_LOADER = "$(TEST_HOST)";
				CODE_SIGN_STYLE = Automatic;
				CURRENT_PROJECT_VERSION = 1;
				DEVELOPMENT_TEAM = FTMC23LTVL;
				GENERATE_INFOPLIST_FILE = YES;
				MACOSX_DEPLOYMENT_TARGET = 14.2;
				MARKETING_VERSION = 1.0;
				PRODUCT_BUNDLE_IDENTIFIER = com.noisederived.SpatialVideoConverterTests;
				PRODUCT_NAME = "$(TARGET_NAME)";
				SWIFT_EMIT_LOC_STRINGS = NO;
				SWIFT_VERSION = 5.0;
				TEST_HOST = "$(BUILT_PRODUCTS_DIR)/SpatialVideoConverter.app/$(BUNDLE_EXECUTABLE_FOLDER_PATH)/SpatialVideoConverter";
			};
			name = Release;
		};
		1EA174752B86003800129995 /* Debug */ = {
			isa = XCBuildConfiguration;
			buildSettings = {
				ALWAYS_EMBED_SWIFT_STANDARD_LIBRARIES = YES;
				CODE_SIGN_STYLE = Automatic;
				CURRENT_PROJECT_VERSION = 1;
				DEVELOPMENT_TEAM = FTMC23LTVL;
				GENERATE_INFOPLIST_FILE = YES;
				MARKETING_VERSION = 1.0;
				PRODUCT_BUNDLE_IDENTIFIER = com.noisederived.SpatialVideoConverterUITests;
				PRODUCT_NAME = "$(TARGET_NAME)";
				SWIFT_EMIT_LOC_STRINGS = NO;
				SWIFT_VERSION = 5.0;
				TEST_TARGET_NAME = SpatialVideoConverter;
			};
			name = Debug;
		};
		1EA174762B86003800129995 /* Release */ = {
			isa = XCBuildConfiguration;
			buildSettings = {
				ALWAYS_EMBED_SWIFT_STANDARD_LIBRARIES = YES;
				CODE_SIGN_STYLE = Automatic;
				CURRENT_PROJECT_VERSION = 1;
				DEVELOPMENT_TEAM = FTMC23LTVL;
				GENERATE_INFOPLIST_FILE = YES;
				MARKETING_VERSION = 1.0;
				PRODUCT_BUNDLE_IDENTIFIER = com.noisederived.SpatialVideoConverterUITests;
				PRODUCT_NAME = "$(TARGET_NAME)";
				SWIFT_EMIT_LOC_STRINGS = NO;
				SWIFT_VERSION = 5.0;
				TEST_TARGET_NAME = SpatialVideoConverter;
			};
			name = Release;
		};
/* End XCBuildConfiguration section */

/* Begin XCConfigurationList section */
		1EA174412B86003700129995 /* Build configuration list for PBXProject "SpatialVideoConverter" */ = {
			isa = XCConfigurationList;
			buildConfigurations = (
				1EA1746C2B86003800129995 /* Debug */,
				1EA1746D2B86003800129995 /* Release */,
			);
			defaultConfigurationIsVisible = 0;
			defaultConfigurationName = Release;
		};
		1EA1746E2B86003800129995 /* Build configuration list for PBXNativeTarget "SpatialVideoConverter" */ = {
			isa = XCConfigurationList;
			buildConfigurations = (
				1EA1746F2B86003800129995 /* Debug */,
				1EA174702B86003800129995 /* Release */,
			);
			defaultConfigurationIsVisible = 0;
			defaultConfigurationName = Release;
		};
		1EA174712B86003800129995 /* Build configuration list for PBXNativeTarget "SpatialVideoConverterTests" */ = {
			isa = XCConfigurationList;
			buildConfigurations = (
				1EA174722B86003800129995 /* Debug */,
				1EA174732B86003800129995 /* Release */,
			);
			defaultConfigurationIsVisible = 0;
			defaultConfigurationName = Release;
		};
		1EA174742B86003800129995 /* Build configuration list for PBXNativeTarget "SpatialVideoConverterUITests" */ = {
			isa = XCConfigurationList;
			buildConfigurations = (
				1EA174752B86003800129995 /* Debug */,
				1EA174762B86003800129995 /* Release */,
			);
			defaultConfigurationIsVisible = 0;
			defaultConfigurationName = Release;
		};
/* End XCConfigurationList section */
	};
	rootObject = 1EA1743E2B86003700129995 /* Project object */;
}
